
Microsoft Visual Studio Solution File, Format Version 12.00
# Visual Studio Version 17
VisualStudioVersion = 17.10.35027.167
MinimumVisualStudioVersion = 10.0.40219.1
Project("{9A19103F-16F7-4668-BE54-9A1E7A4F7556}") = "DogBreedsModelTrainer", "DogBreedsModelTrainer.csproj", "{54964EE2-5CD9-4BD4-916D-5D85F8E31B42}"
EndProject
Global
	GlobalSection(SolutionConfigurationPlatforms) = preSolution
		Debug|Any CPU = Debug|Any CPU
		Release|Any CPU = Release|Any CPU
	EndGlobalSection
	GlobalSection(ProjectConfigurationPlatforms) = postSolution
		{54964EE2-5CD9-4BD4-916D-5D85F8E31B42}.Debug|Any CPU.ActiveCfg = Debug|Any CPU
		{54964EE2-5CD9-4BD4-916D-5D85F8E31B42}.Debug|Any CPU.Build.0 = Debug|Any CPU
		{54964EE2-5CD9-4BD4-916D-5D85F8E31B42}.Release|Any CPU.ActiveCfg = Release|Any CPU
		{54964EE2-5CD9-4BD4-916D-5D85F8E31B42}.Release|Any CPU.Build.0 = Release|Any CPU
	EndGlobalSection
	GlobalSection(SolutionProperties) = preSolution
		HideSolutionNode = FALSE
	EndGlobalSection
	GlobalSection(ExtensibilityGlobals) = postSolution
		SolutionGuid = {6C594AD4-BD92-4509-95C4-B6D94C08718A}
	EndGlobalSection
EndGlobal
